// !$*UTF8*$!
{
	archiveVersion = 1;
	classes = {
	};
	objectVersion = 48;
	objects = {

/* Begin PBXBuildFile section */
		5E80DED52166296E008AED4C /* AppDelegate.swift in Sources */ = {isa = PBXBuildFile; fileRef = 5E80DED42166296E008AED4C /* AppDelegate.swift */; };
		5E80DED72166296E008AED4C /* ViewController.swift in Sources */ = {isa = PBXBuildFile; fileRef = 5E80DED62166296E008AED4C /* ViewController.swift */; };
		5E80DEDA2166296E008AED4C /* Main.storyboard in Resources */ = {isa = PBXBuildFile; fileRef = 5E80DED82166296E008AED4C /* Main.storyboard */; };
		5E80DEDC2166296E008AED4C /* Assets.xcassets in Resources */ = {isa = PBXBuildFile; fileRef = 5E80DEDB2166296E008AED4C /* Assets.xcassets */; };
		5E80DEDF2166296E008AED4C /* LaunchScreen.storyboard in Resources */ = {isa = PBXBuildFile; fileRef = 5E80DEDD2166296E008AED4C /* LaunchScreen.storyboard */; };
		5E80DEE921665190008AED4C /* displayImage.swift in Sources */ = {isa = PBXBuildFile; fileRef = 5E80DEE821665190008AED4C /* displayImage.swift */; };
/* End PBXBuildFile section */

/* Begin PBXFileReference section */
		5E80DED12166296E008AED4C /* d03.app */ = {isa = PBXFileReference; explicitFileType = wrapper.application; includeInIndex = 0; path = d03.app; sourceTree = BUILT_PRODUCTS_DIR; };
		5E80DED42166296E008AED4C /* AppDelegate.swift */ = {isa = PBXFileReference; lastKnownFileType = sourcecode.swift; path = AppDelegate.swift; sourceTree = "<group>"; };
		5E80DED62166296E008AED4C /* ViewController.swift */ = {isa = PBXFileReference; lastKnownFileType = sourcecode.swift; path = ViewController.swift; sourceTree = "<group>"; };
		5E80DED92166296E008AED4C /* Base */ = {isa = PBXFileReference; lastKnownFileType = file.storyboard; name = Base; path = Base.lproj/Main.storyboard; sourceTree = "<group>"; };
		5E80DEDB2166296E008AED4C /* Assets.xcassets */ = {isa = PBXFileReference; lastKnownFileType = folder.assetcatalog; path = Assets.xcassets; sourceTree = "<group>"; };
		5E80DEDE2166296E008AED4C /* Base */ = {isa = PBXFileReference; lastKnownFileType = file.storyboard; name = Base; path = Base.lproj/LaunchScreen.storyboard; sourceTree = "<group>"; };
		5E80DEE02166296E008AED4C /* Info.plist */ = {isa = PBXFileReference; lastKnownFileType = text.plist.xml; path = Info.plist; sourceTree = "<group>"; };
		5E80DEE821665190008AED4C /* displayImage.swift */ = {isa = PBXFileReference; lastKnownFileType = sourcecode.swift; path = displayImage.swift; sourceTree = "<group>"; };
/* End PBXFileReference section */

/* Begin PBXFrameworksBuildPhase section */
		5E80DECE2166296E008AED4C /* Frameworks */ = {
			isa = PBXFrameworksBuildPhase;
			buildActionMask = 2147483647;
			files = (
			);
			runOnlyForDeploymentPostprocessing = 0;
		};
/* End PBXFrameworksBuildPhase section */

/* Begin PBXGroup section */
		5E80DEC82166296E008AED4C = {
			isa = PBXGroup;
			children = (
				5E80DED32166296E008AED4C /* d03 */,
				5E80DED22166296E008AED4C /* Products */,
			);
			sourceTree = "<group>";
		};
		5E80DED22166296E008AED4C /* Products */ = {
			isa = PBXGroup;
			children = (
				5E80DED12166296E008AED4C /* d03.app */,
			);
			name = Products;
			sourceTree = "<group>";
		};
		5E80DED32166296E008AED4C /* d03 */ = {
			isa = PBXGroup;
			children = (
				5E80DED42166296E008AED4C /* AppDelegate.swift */,
				5E80DED62166296E008AED4C /* ViewController.swift */,
				5E80DED82166296E008AED4C /* Main.storyboard */,
				5E80DEDB2166296E008AED4C /* Assets.xcassets */,
				5E80DEDD2166296E008AED4C /* LaunchScreen.storyboard */,
				5E80DEE02166296E008AED4C /* Info.plist */,
				5E80DEE821665190008AED4C /* displayImage.swift */,
			);
			path = d03;
			sourceTree = "<group>";
		};
/* End PBXGroup section */

/* Begin PBXNativeTarget section */
		5E80DED02166296E008AED4C /* d03 */ = {
			isa = PBXNativeTarget;
			buildConfigurationList = 5E80DEE32166296E008AED4C /* Build configuration list for PBXNativeTarget "d03" */;
			buildPhases = (
				5E80DECD2166296E008AED4C /* Sources */,
				5E80DECE2166296E008AED4C /* Frameworks */,
				5E80DECF2166296E008AED4C /* Resources */,
			);
			buildRules = (
			);
			dependencies = (
			);
			name = d03;
			productName = d03;
			productReference = 5E80DED12166296E008AED4C /* d03.app */;
			productType = "com.apple.product-type.application";
		};
/* End PBXNativeTarget section */

/* Begin PBXProject section */
		5E80DEC92166296E008AED4C /* Project object */ = {
			isa = PBXProject;
			attributes = {
				LastSwiftUpdateCheck = 0920;
				LastUpgradeCheck = 0920;
				ORGANIZATIONNAME = "Kevin VIGNAU";
				TargetAttributes = {
					5E80DED02166296E008AED4C = {
						CreatedOnToolsVersion = 9.2;
						ProvisioningStyle = Automatic;
					};
				};
			};
			buildConfigurationList = 5E80DECC2166296E008AED4C /* Build configuration list for PBXProject "d03" */;
			compatibilityVersion = "Xcode 8.0";
			developmentRegion = en;
			hasScannedForEncodings = 0;
			knownRegions = (
				en,
				Base,
			);
			mainGroup = 5E80DEC82166296E008AED4C;
			productRefGroup = 5E80DED22166296E008AED4C /* Products */;
			projectDirPath = "";
			projectRoot = "";
			targets = (
				5E80DED02166296E008AED4C /* d03 */,
			);
		};
/* End PBXProject section */

/* Begin PBXResourcesBuildPhase section */
		5E80DECF2166296E008AED4C /* Resources */ = {
			isa = PBXResourcesBuildPhase;
			buildActionMask = 2147483647;
			files = (
				5E80DEDF2166296E008AED4C /* LaunchScreen.storyboard in Resources */,
				5E80DEDC2166296E008AED4C /* Assets.xcassets in Resources */,
				5E80DEDA2166296E008AED4C /* Main.storyboard in Resources */,
			);
			runOnlyForDeploymentPostprocessing = 0;
		};
/* End PBXResourcesBuildPhase section */

/* Begin PBXSourcesBuildPhase section */
		5E80DECD2166296E008AED4C /* Sources */ = {
			isa = PBXSourcesBuildPhase;
			buildActionMask = 2147483647;
			files = (
				5E80DED72166296E008AED4C /* ViewController.swift in Sources */,
				5E80DED52166296E008AED4C /* AppDelegate.swift in Sources */,
				5E80DEE921665190008AED4C /* displayImage.swift in Sources */,
			);
			runOnlyForDeploymentPostprocessing = 0;
		};
/* End PBXSourcesBuildPhase section */

/* Begin PBXVariantGroup section */
		5E80DED82166296E008AED4C /* Main.storyboard */ = {
			isa = PBXVariantGroup;
			children = (
				5E80DED92166296E008AED4C /* Base */,
			);
			name = Main.storyboard;
			sourceTree = "<group>";
		};
		5E80DEDD2166296E008AED4C /* LaunchScreen.storyboard */ = {
			isa = PBXVariantGroup;
			children = (
				5E80DEDE2166296E008AED4C /* Base */,
			);
			name = LaunchScreen.storyboard;
			sourceTree = "<group>";
		};
/* End PBXVariantGroup section */

/* Begin XCBuildConfiguration section */
		5E80DEE12166296E008AED4C /* Debug */ = {
			isa = XCBuildConfiguration;
			buildSettings = {
				ALWAYS_SEARCH_USER_PATHS = NO;
				CLANG_ANALYZER_NONNULL = YES;
				CLANG_ANALYZER_NUMBER_OBJECT_CONVERSION = YES_AGGRESSIVE;
				CLANG_CXX_LANGUAGE_STANDARD = "gnu++14";
				CLANG_CXX_LIBRARY = "libc++";
				CLANG_ENABLE_MODULES = YES;
				CLANG_ENABLE_OBJC_ARC = YES;
				CLANG_WARN_BLOCK_CAPTURE_AUTORELEASING = YES;
				CLANG_WARN_BOOL_CONVERSION = YES;
				CLANG_WARN_COMMA = YES;
				CLANG_WARN_CONSTANT_CONVERSION = YES;
				CLANG_WARN_DIRECT_OBJC_ISA_USAGE = YES_ERROR;
				CLANG_WARN_DOCUMENTATION_COMMENTS = YES;
				CLANG_WARN_EMPTY_BODY = YES;
				CLANG_WARN_ENUM_CONVERSION = YES;
				CLANG_WARN_INFINITE_RECURSION = YES;
				CLANG_WARN_INT_CONVERSION = YES;
				CLANG_WARN_NON_LITERAL_NULL_CONVERSION = YES;
				CLANG_WARN_OBJC_LITERAL_CONVERSION = YES;
				CLANG_WARN_OBJC_ROOT_CLASS = YES_ERROR;
				CLANG_WARN_RANGE_LOOP_ANALYSIS = YES;
				CLANG_WARN_STRICT_PROTOTYPES = YES;
				CLANG_WARN_SUSPICIOUS_MOVE = YES;
				CLANG_WARN_UNGUARDED_AVAILABILITY = YES_AGGRESSIVE;
				CLANG_WARN_UNREACHABLE_CODE = YES;
				CLANG_WARN__DUPLICATE_METHOD_MATCH = YES;
				CODE_SIGN_IDENTITY = "iPhone Developer";
				COPY_PHASE_STRIP = NO;
				DEBUG_INFORMATION_FORMAT = dwarf;
				ENABLE_STRICT_OBJC_MSGSEND = YES;
				ENABLE_TESTABILITY = YES;
				GCC_C_LANGUAGE_STANDARD = gnu11;
				GCC_DYNAMIC_NO_PIC = NO;
				GCC_NO_COMMON_BLOCKS = YES;
				GCC_OPTIMIZATION_LEVEL = 0;
				GCC_PREPROCESSOR_DEFINITIONS = (
					"DEBUG=1",
					"$(inherited)",
				);
				GCC_WARN_64_TO_32_BIT_CONVERSION = YES;
				GCC_WARN_ABOUT_RETURN_TYPE = YES_ERROR;
				GCC_WARN_UNDECLARED_SELECTOR = YES;
				GCC_WARN_UNINITIALIZED_AUTOS = YES_AGGRESSIVE;
				GCC_WARN_UNUSED_FUNCTION = YES;
				GCC_WARN_UNUSED_VARIABLE = YES;
				IPHONEOS_DEPLOYMENT_TARGET = 11.2;
				MTL_ENABLE_DEBUG_INFO = YES;
				ONLY_ACTIVE_ARCH = YES;
				SDKROOT = iphoneos;
				SWIFT_ACTIVE_COMPILATION_CONDITIONS = DEBUG;
				SWIFT_OPTIMIZATION_LEVEL = "-Onone";
			};
			name = Debug;
		};
		5E80DEE22166296E008AED4C /* Release */ = {
			isa = XCBuildConfiguration;
			buildSettings = {
				ALWAYS_SEARCH_USER_PATHS = NO;
				CLANG_ANALYZER_NONNULL = YES;
				CLANG_ANALYZER_NUMBER_OBJECT_CONVERSION = YES_AGGRESSIVE;
				CLANG_CXX_LANGUAGE_STANDARD = "gnu++14";
				CLANG_CXX_LIBRARY = "libc++";
				CLANG_ENABLE_MODULES = YES;
				CLANG_ENABLE_OBJC_ARC = YES;
				CLANG_WARN_BLOCK_CAPTURE_AUTORELEASING = YES;
				CLANG_WARN_BOOL_CONVERSION = YES;
				CLANG_WARN_COMMA = YES;
				CLANG_WARN_CONSTANT_CONVERSION = YES;
				CLANG_WARN_DIRECT_OBJC_ISA_USAGE = YES_ERROR;
				CLANG_WARN_DOCUMENTATION_COMMENTS = YES;
				CLANG_WARN_EMPTY_BODY = YES;
				CLANG_WARN_ENUM_CONVERSION = YES;
				CLANG_WARN_INFINITE_RECURSION = YES;
				CLANG_WARN_INT_CONVERSION = YES;
				CLANG_WARN_NON_LITERAL_NULL_CONVERSION = YES;
				CLANG_WARN_OBJC_LITERAL_CONVERSION = YES;
				CLANG_WARN_OBJC_ROOT_CLASS = YES_ERROR;
				CLANG_WARN_RANGE_LOOP_ANALYSIS = YES;
				CLANG_WARN_STRICT_PROTOTYPES = YES;
				CLANG_WARN_SUSPICIOUS_MOVE = YES;
				CLANG_WARN_UNGUARDED_AVAILABILITY = YES_AGGRESSIVE;
				CLANG_WARN_UNREACHABLE_CODE = YES;
				CLANG_WARN__DUPLICATE_METHOD_MATCH = YES;
				CODE_SIGN_IDENTITY = "iPhone Developer";
				COPY_PHASE_STRIP = NO;
				DEBUG_INFORMATION_FORMAT = "dwarf-with-dsym";
				ENABLE_NS_ASSERTIONS = NO;
				ENABLE_STRICT_OBJC_MSGSEND = YES;
				GCC_C_LANGUAGE_STANDARD = gnu11;
				GCC_NO_COMMON_BLOCKS = YES;
				GCC_WARN_64_TO_32_BIT_CONVERSION = YES;
				GCC_WARN_ABOUT_RETURN_TYPE = YES_ERROR;
				GCC_WARN_UNDECLARED_SELECTOR = YES;
				GCC_WARN_UNINITIALIZED_AUTOS = YES_AGGRESSIVE;
				GCC_WARN_UNUSED_FUNCTION = YES;
				GCC_WARN_UNUSED_VARIABLE = YES;
				IPHONEOS_DEPLOYMENT_TARGET = 11.2;
				MTL_ENABLE_DEBUG_INFO = NO;
				SDKROOT = iphoneos;
				SWIFT_OPTIMIZATION_LEVEL = "-Owholemodule";
				VALIDATE_PRODUCT = YES;
			};
			name = Release;
		};
		5E80DEE42166296E008AED4C /* Debug */ = {
			isa = XCBuildConfiguration;
			buildSettings = {
				ASSETCATALOG_COMPILER_APPICON_NAME = AppIcon;
				CODE_SIGN_STYLE = Automatic;
				INFOPLIST_FILE = d03/Info.plist;
				LD_RUNPATH_SEARCH_PATHS = "$(inherited) @executable_path/Frameworks";
				PRODUCT_BUNDLE_IDENTIFIER = "-2.d03";
				PRODUCT_NAME = "$(TARGET_NAME)";
				SWIFT_VERSION = 4.0;
				TARGETED_DEVICE_FAMILY = "1,2";
			};
			name = Debug;
		};
		5E80DEE52166296E008AED4C /* Release */ = {
			isa = XCBuildConfiguration;
			buildSettings = {
				ASSETCATALOG_COMPILER_APPICON_NAME = AppIcon;
				CODE_SIGN_STYLE = Automatic;
				INFOPLIST_FILE = d03/Info.plist;
				LD_RUNPATH_SEARCH_PATHS = "$(inherited) @executable_path/Frameworks";
				PRODUCT_BUNDLE_IDENTIFIER = "-2.d03";
				PRODUCT_NAME = "$(TARGET_NAME)";
				SWIFT_VERSION = 4.0;
				TARGETED_DEVICE_FAMILY = "1,2";
			};
			name = Release;
		};
/* End XCBuildConfiguration section */

/* Begin XCConfigurationList section */
		5E80DECC2166296E008AED4C /* Build configuration list for PBXProject "d03" */ = {
			isa = XCConfigurationList;
			buildConfigurations = (
				5E80DEE12166296E008AED4C /* Debug */,
				5E80DEE22166296E008AED4C /* Release */,
			);
			defaultConfigurationIsVisible = 0;
			defaultConfigurationName = Release;
		};
		5E80DEE32166296E008AED4C /* Build configuration list for PBXNativeTarget "d03" */ = {
			isa = XCConfigurationList;
			buildConfigurations = (
				5E80DEE42166296E008AED4C /* Debug */,
				5E80DEE52166296E008AED4C /* Release */,
			);
			defaultConfigurationIsVisible = 0;
			defaultConfigurationName = Release;
		};
/* End XCConfigurationList section */
	};
	rootObject = 5E80DEC92166296E008AED4C /* Project object */;
}
