// !$*UTF8*$!
{
	archiveVersion = 1;
	classes = {
	};
	objectVersion = 48;
	objects = {

/* Begin PBXBuildFile section */
		0EC93125EABE9FB86D415091 /* Pods_d07.framework in Frameworks */ = {isa = PBXBuildFile; fileRef = 6C2EBB8BC92B2C23D827AC9F /* Pods_d07.framework */; };
		5E4C7E93216DEEE4001B7026 /* AppDelegate.swift in Sources */ = {isa = PBXBuildFile; fileRef = 5E4C7E92216DEEE4001B7026 /* AppDelegate.swift */; };
		5E4C7E95216DEEE4001B7026 /* ViewController.swift in Sources */ = {isa = PBXBuildFile; fileRef = 5E4C7E94216DEEE4001B7026 /* ViewController.swift */; };
		5E4C7E98216DEEE4001B7026 /* Main.storyboard in Resources */ = {isa = PBXBuildFile; fileRef = 5E4C7E96216DEEE4001B7026 /* Main.storyboard */; };
		5E4C7E9A216DEEE4001B7026 /* Assets.xcassets in Resources */ = {isa = PBXBuildFile; fileRef = 5E4C7E99216DEEE4001B7026 /* Assets.xcassets */; };
		5E4C7E9D216DEEE4001B7026 /* LaunchScreen.storyboard in Resources */ = {isa = PBXBuildFile; fileRef = 5E4C7E9B216DEEE4001B7026 /* LaunchScreen.storyboard */; };
		5EE85F63216E39E2005207F7 /* MassageViewController.swift in Sources */ = {isa = PBXBuildFile; fileRef = 5EE85F62216E39E2005207F7 /* MassageViewController.swift */; };
		5EEDEBD8216E04F100AE18AE /* Model.swift in Sources */ = {isa = PBXBuildFile; fileRef = 5EEDEBD7216E04F100AE18AE /* Model.swift */; };
/* End PBXBuildFile section */

/* Begin PBXFileReference section */
		5E4C7E8F216DEEE4001B7026 /* d07.app */ = {isa = PBXFileReference; explicitFileType = wrapper.application; includeInIndex = 0; path = d07.app; sourceTree = BUILT_PRODUCTS_DIR; };
		5E4C7E92216DEEE4001B7026 /* AppDelegate.swift */ = {isa = PBXFileReference; lastKnownFileType = sourcecode.swift; path = AppDelegate.swift; sourceTree = "<group>"; };
		5E4C7E94216DEEE4001B7026 /* ViewController.swift */ = {isa = PBXFileReference; lastKnownFileType = sourcecode.swift; path = ViewController.swift; sourceTree = "<group>"; };
		5E4C7E97216DEEE4001B7026 /* Base */ = {isa = PBXFileReference; lastKnownFileType = file.storyboard; name = Base; path = Base.lproj/Main.storyboard; sourceTree = "<group>"; };
		5E4C7E99216DEEE4001B7026 /* Assets.xcassets */ = {isa = PBXFileReference; lastKnownFileType = folder.assetcatalog; path = Assets.xcassets; sourceTree = "<group>"; };
		5E4C7E9C216DEEE4001B7026 /* Base */ = {isa = PBXFileReference; lastKnownFileType = file.storyboard; name = Base; path = Base.lproj/LaunchScreen.storyboard; sourceTree = "<group>"; };
		5E4C7E9E216DEEE4001B7026 /* Info.plist */ = {isa = PBXFileReference; lastKnownFileType = text.plist.xml; path = Info.plist; sourceTree = "<group>"; };
		5EE85F62216E39E2005207F7 /* MassageViewController.swift */ = {isa = PBXFileReference; lastKnownFileType = sourcecode.swift; path = MassageViewController.swift; sourceTree = "<group>"; };
		5EEDEBD7216E04F100AE18AE /* Model.swift */ = {isa = PBXFileReference; lastKnownFileType = sourcecode.swift; path = Model.swift; sourceTree = "<group>"; };
		6C2EBB8BC92B2C23D827AC9F /* Pods_d07.framework */ = {isa = PBXFileReference; explicitFileType = wrapper.framework; includeInIndex = 0; path = Pods_d07.framework; sourceTree = BUILT_PRODUCTS_DIR; };
		ABAFDF99C25F53A06CD342F7 /* Pods-d07.debug.xcconfig */ = {isa = PBXFileReference; includeInIndex = 1; lastKnownFileType = text.xcconfig; name = "Pods-d07.debug.xcconfig"; path = "Pods/Target Support Files/Pods-d07/Pods-d07.debug.xcconfig"; sourceTree = "<group>"; };
		E25FF16ABC6071797505420B /* Pods-d07.release.xcconfig */ = {isa = PBXFileReference; includeInIndex = 1; lastKnownFileType = text.xcconfig; name = "Pods-d07.release.xcconfig"; path = "Pods/Target Support Files/Pods-d07/Pods-d07.release.xcconfig"; sourceTree = "<group>"; };
/* End PBXFileReference section */

/* Begin PBXFrameworksBuildPhase section */
		5E4C7E8C216DEEE4001B7026 /* Frameworks */ = {
			isa = PBXFrameworksBuildPhase;
			buildActionMask = 2147483647;
			files = (
				0EC93125EABE9FB86D415091 /* Pods_d07.framework in Frameworks */,
			);
			runOnlyForDeploymentPostprocessing = 0;
		};
/* End PBXFrameworksBuildPhase section */

/* Begin PBXGroup section */
		4E1468C8F51C18A63B77ED49 /* Pods */ = {
			isa = PBXGroup;
			children = (
				ABAFDF99C25F53A06CD342F7 /* Pods-d07.debug.xcconfig */,
				E25FF16ABC6071797505420B /* Pods-d07.release.xcconfig */,
			);
			name = Pods;
			sourceTree = "<group>";
		};
		5E4C7E86216DEEE4001B7026 = {
			isa = PBXGroup;
			children = (
				5E4C7E91216DEEE4001B7026 /* d07 */,
				5E4C7E90216DEEE4001B7026 /* Products */,
				4E1468C8F51C18A63B77ED49 /* Pods */,
				8CC75899B359F0A1263678DE /* Frameworks */,
			);
			sourceTree = "<group>";
		};
		5E4C7E90216DEEE4001B7026 /* Products */ = {
			isa = PBXGroup;
			children = (
				5E4C7E8F216DEEE4001B7026 /* d07.app */,
			);
			name = Products;
			sourceTree = "<group>";
		};
		5E4C7E91216DEEE4001B7026 /* d07 */ = {
			isa = PBXGroup;
			children = (
				5E4C7E92216DEEE4001B7026 /* AppDelegate.swift */,
				5EE85F62216E39E2005207F7 /* MassageViewController.swift */,
				5EEDEBD7216E04F100AE18AE /* Model.swift */,
				5E4C7E94216DEEE4001B7026 /* ViewController.swift */,
				5E4C7E96216DEEE4001B7026 /* Main.storyboard */,
				5E4C7E99216DEEE4001B7026 /* Assets.xcassets */,
				5E4C7E9B216DEEE4001B7026 /* LaunchScreen.storyboard */,
				5E4C7E9E216DEEE4001B7026 /* Info.plist */,
			);
			path = d07;
			sourceTree = "<group>";
		};
		8CC75899B359F0A1263678DE /* Frameworks */ = {
			isa = PBXGroup;
			children = (
				6C2EBB8BC92B2C23D827AC9F /* Pods_d07.framework */,
			);
			name = Frameworks;
			sourceTree = "<group>";
		};
/* End PBXGroup section */

/* Begin PBXNativeTarget section */
		5E4C7E8E216DEEE4001B7026 /* d07 */ = {
			isa = PBXNativeTarget;
			buildConfigurationList = 5E4C7EA1216DEEE4001B7026 /* Build configuration list for PBXNativeTarget "d07" */;
			buildPhases = (
				5E9C96292BE41D34354ADFE4 /* [CP] Check Pods Manifest.lock */,
				5E4C7E8B216DEEE4001B7026 /* Sources */,
				5E4C7E8C216DEEE4001B7026 /* Frameworks */,
				5E4C7E8D216DEEE4001B7026 /* Resources */,
				39A019454C63AEC83BC07287 /* [CP] Embed Pods Frameworks */,
			);
			buildRules = (
			);
			dependencies = (
			);
			name = d07;
			productName = d07;
			productReference = 5E4C7E8F216DEEE4001B7026 /* d07.app */;
			productType = "com.apple.product-type.application";
		};
/* End PBXNativeTarget section */

/* Begin PBXProject section */
		5E4C7E87216DEEE4001B7026 /* Project object */ = {
			isa = PBXProject;
			attributes = {
				LastSwiftUpdateCheck = 0920;
				LastUpgradeCheck = 0920;
				ORGANIZATIONNAME = "Kevin VIGNAU";
				TargetAttributes = {
					5E4C7E8E216DEEE4001B7026 = {
						CreatedOnToolsVersion = 9.2;
						ProvisioningStyle = Automatic;
					};
				};
			};
			buildConfigurationList = 5E4C7E8A216DEEE4001B7026 /* Build configuration list for PBXProject "d07" */;
			compatibilityVersion = "Xcode 8.0";
			developmentRegion = en;
			hasScannedForEncodings = 0;
			knownRegions = (
				en,
				Base,
			);
			mainGroup = 5E4C7E86216DEEE4001B7026;
			productRefGroup = 5E4C7E90216DEEE4001B7026 /* Products */;
			projectDirPath = "";
			projectRoot = "";
			targets = (
				5E4C7E8E216DEEE4001B7026 /* d07 */,
			);
		};
/* End PBXProject section */

/* Begin PBXResourcesBuildPhase section */
		5E4C7E8D216DEEE4001B7026 /* Resources */ = {
			isa = PBXResourcesBuildPhase;
			buildActionMask = 2147483647;
			files = (
				5E4C7E9D216DEEE4001B7026 /* LaunchScreen.storyboard in Resources */,
				5E4C7E9A216DEEE4001B7026 /* Assets.xcassets in Resources */,
				5E4C7E98216DEEE4001B7026 /* Main.storyboard in Resources */,
			);
			runOnlyForDeploymentPostprocessing = 0;
		};
/* End PBXResourcesBuildPhase section */

/* Begin PBXShellScriptBuildPhase section */
		39A019454C63AEC83BC07287 /* [CP] Embed Pods Frameworks */ = {
			isa = PBXShellScriptBuildPhase;
			buildActionMask = 2147483647;
			files = (
			);
			inputPaths = (
				"${SRCROOT}/Pods/Target Support Files/Pods-d07/Pods-d07-frameworks.sh",
				"${BUILT_PRODUCTS_DIR}/Alamofire/Alamofire.framework",
				"${BUILT_PRODUCTS_DIR}/ForecastIO/ForecastIO.framework",
				"${BUILT_PRODUCTS_DIR}/JSQMessagesViewController/JSQMessagesViewController.framework",
				"${BUILT_PRODUCTS_DIR}/JSQSystemSoundPlayer/JSQSystemSoundPlayer.framework",
				"${BUILT_PRODUCTS_DIR}/ObjectMapper/ObjectMapper.framework",
				"${BUILT_PRODUCTS_DIR}/RecastAI/RecastAI.framework",
			);
			name = "[CP] Embed Pods Frameworks";
			outputPaths = (
				"${TARGET_BUILD_DIR}/${FRAMEWORKS_FOLDER_PATH}/Alamofire.framework",
				"${TARGET_BUILD_DIR}/${FRAMEWORKS_FOLDER_PATH}/ForecastIO.framework",
				"${TARGET_BUILD_DIR}/${FRAMEWORKS_FOLDER_PATH}/JSQMessagesViewController.framework",
				"${TARGET_BUILD_DIR}/${FRAMEWORKS_FOLDER_PATH}/JSQSystemSoundPlayer.framework",
				"${TARGET_BUILD_DIR}/${FRAMEWORKS_FOLDER_PATH}/ObjectMapper.framework",
				"${TARGET_BUILD_DIR}/${FRAMEWORKS_FOLDER_PATH}/RecastAI.framework",
			);
			runOnlyForDeploymentPostprocessing = 0;
			shellPath = /bin/sh;
			shellScript = "\"${SRCROOT}/Pods/Target Support Files/Pods-d07/Pods-d07-frameworks.sh\"\n";
			showEnvVarsInLog = 0;
		};
		5E9C96292BE41D34354ADFE4 /* [CP] Check Pods Manifest.lock */ = {
			isa = PBXShellScriptBuildPhase;
			buildActionMask = 2147483647;
			files = (
			);
			inputPaths = (
				"${PODS_PODFILE_DIR_PATH}/Podfile.lock",
				"${PODS_ROOT}/Manifest.lock",
			);
			name = "[CP] Check Pods Manifest.lock";
			outputPaths = (
				"$(DERIVED_FILE_DIR)/Pods-d07-checkManifestLockResult.txt",
			);
			runOnlyForDeploymentPostprocessing = 0;
			shellPath = /bin/sh;
			shellScript = "diff \"${PODS_PODFILE_DIR_PATH}/Podfile.lock\" \"${PODS_ROOT}/Manifest.lock\" > /dev/null\nif [ $? != 0 ] ; then\n    # print error to STDERR\n    echo \"error: The sandbox is not in sync with the Podfile.lock. Run 'pod install' or update your CocoaPods installation.\" >&2\n    exit 1\nfi\n# This output is used by Xcode 'outputs' to avoid re-running this script phase.\necho \"SUCCESS\" > \"${SCRIPT_OUTPUT_FILE_0}\"\n";
			showEnvVarsInLog = 0;
		};
/* End PBXShellScriptBuildPhase section */

/* Begin PBXSourcesBuildPhase section */
		5E4C7E8B216DEEE4001B7026 /* Sources */ = {
			isa = PBXSourcesBuildPhase;
			buildActionMask = 2147483647;
			files = (
				5EEDEBD8216E04F100AE18AE /* Model.swift in Sources */,
				5E4C7E95216DEEE4001B7026 /* ViewController.swift in Sources */,
				5EE85F63216E39E2005207F7 /* MassageViewController.swift in Sources */,
				5E4C7E93216DEEE4001B7026 /* AppDelegate.swift in Sources */,
			);
			runOnlyForDeploymentPostprocessing = 0;
		};
/* End PBXSourcesBuildPhase section */

/* Begin PBXVariantGroup section */
		5E4C7E96216DEEE4001B7026 /* Main.storyboard */ = {
			isa = PBXVariantGroup;
			children = (
				5E4C7E97216DEEE4001B7026 /* Base */,
			);
			name = Main.storyboard;
			sourceTree = "<group>";
		};
		5E4C7E9B216DEEE4001B7026 /* LaunchScreen.storyboard */ = {
			isa = PBXVariantGroup;
			children = (
				5E4C7E9C216DEEE4001B7026 /* Base */,
			);
			name = LaunchScreen.storyboard;
			sourceTree = "<group>";
		};
/* End PBXVariantGroup section */

/* Begin XCBuildConfiguration section */
		5E4C7E9F216DEEE4001B7026 /* Debug */ = {
			isa = XCBuildConfiguration;
			buildSettings = {
				ALWAYS_SEARCH_USER_PATHS = NO;
				CLANG_ANALYZER_NONNULL = YES;
				CLANG_ANALYZER_NUMBER_OBJECT_CONVERSION = YES_AGGRESSIVE;
				CLANG_CXX_LANGUAGE_STANDARD = "gnu++14";
				CLANG_CXX_LIBRARY = "libc++";
				CLANG_ENABLE_MODULES = YES;
				CLANG_ENABLE_OBJC_ARC = YES;
				CLANG_WARN_BLOCK_CAPTURE_AUTORELEASING = YES;
				CLANG_WARN_BOOL_CONVERSION = YES;
				CLANG_WARN_COMMA = YES;
				CLANG_WARN_CONSTANT_CONVERSION = YES;
				CLANG_WARN_DIRECT_OBJC_ISA_USAGE = YES_ERROR;
				CLANG_WARN_DOCUMENTATION_COMMENTS = YES;
				CLANG_WARN_EMPTY_BODY = YES;
				CLANG_WARN_ENUM_CONVERSION = YES;
				CLANG_WARN_INFINITE_RECURSION = YES;
				CLANG_WARN_INT_CONVERSION = YES;
				CLANG_WARN_NON_LITERAL_NULL_CONVERSION = YES;
				CLANG_WARN_OBJC_LITERAL_CONVERSION = YES;
				CLANG_WARN_OBJC_ROOT_CLASS = YES_ERROR;
				CLANG_WARN_RANGE_LOOP_ANALYSIS = YES;
				CLANG_WARN_STRICT_PROTOTYPES = YES;
				CLANG_WARN_SUSPICIOUS_MOVE = YES;
				CLANG_WARN_UNGUARDED_AVAILABILITY = YES_AGGRESSIVE;
				CLANG_WARN_UNREACHABLE_CODE = YES;
				CLANG_WARN__DUPLICATE_METHOD_MATCH = YES;
				CODE_SIGN_IDENTITY = "iPhone Developer";
				COPY_PHASE_STRIP = NO;
				DEBUG_INFORMATION_FORMAT = dwarf;
				ENABLE_STRICT_OBJC_MSGSEND = YES;
				ENABLE_TESTABILITY = YES;
				GCC_C_LANGUAGE_STANDARD = gnu11;
				GCC_DYNAMIC_NO_PIC = NO;
				GCC_NO_COMMON_BLOCKS = YES;
				GCC_OPTIMIZATION_LEVEL = 0;
				GCC_PREPROCESSOR_DEFINITIONS = (
					"DEBUG=1",
					"$(inherited)",
				);
				GCC_WARN_64_TO_32_BIT_CONVERSION = YES;
				GCC_WARN_ABOUT_RETURN_TYPE = YES_ERROR;
				GCC_WARN_UNDECLARED_SELECTOR = YES;
				GCC_WARN_UNINITIALIZED_AUTOS = YES_AGGRESSIVE;
				GCC_WARN_UNUSED_FUNCTION = YES;
				GCC_WARN_UNUSED_VARIABLE = YES;
				IPHONEOS_DEPLOYMENT_TARGET = 11.2;
				MTL_ENABLE_DEBUG_INFO = YES;
				ONLY_ACTIVE_ARCH = YES;
				SDKROOT = iphoneos;
				SWIFT_ACTIVE_COMPILATION_CONDITIONS = DEBUG;
				SWIFT_OPTIMIZATION_LEVEL = "-Onone";
			};
			name = Debug;
		};
		5E4C7EA0216DEEE4001B7026 /* Release */ = {
			isa = XCBuildConfiguration;
			buildSettings = {
				ALWAYS_SEARCH_USER_PATHS = NO;
				CLANG_ANALYZER_NONNULL = YES;
				CLANG_ANALYZER_NUMBER_OBJECT_CONVERSION = YES_AGGRESSIVE;
				CLANG_CXX_LANGUAGE_STANDARD = "gnu++14";
				CLANG_CXX_LIBRARY = "libc++";
				CLANG_ENABLE_MODULES = YES;
				CLANG_ENABLE_OBJC_ARC = YES;
				CLANG_WARN_BLOCK_CAPTURE_AUTORELEASING = YES;
				CLANG_WARN_BOOL_CONVERSION = YES;
				CLANG_WARN_COMMA = YES;
				CLANG_WARN_CONSTANT_CONVERSION = YES;
				CLANG_WARN_DIRECT_OBJC_ISA_USAGE = YES_ERROR;
				CLANG_WARN_DOCUMENTATION_COMMENTS = YES;
				CLANG_WARN_EMPTY_BODY = YES;
				CLANG_WARN_ENUM_CONVERSION = YES;
				CLANG_WARN_INFINITE_RECURSION = YES;
				CLANG_WARN_INT_CONVERSION = YES;
				CLANG_WARN_NON_LITERAL_NULL_CONVERSION = YES;
				CLANG_WARN_OBJC_LITERAL_CONVERSION = YES;
				CLANG_WARN_OBJC_ROOT_CLASS = YES_ERROR;
				CLANG_WARN_RANGE_LOOP_ANALYSIS = YES;
				CLANG_WARN_STRICT_PROTOTYPES = YES;
				CLANG_WARN_SUSPICIOUS_MOVE = YES;
				CLANG_WARN_UNGUARDED_AVAILABILITY = YES_AGGRESSIVE;
				CLANG_WARN_UNREACHABLE_CODE = YES;
				CLANG_WARN__DUPLICATE_METHOD_MATCH = YES;
				CODE_SIGN_IDENTITY = "iPhone Developer";
				COPY_PHASE_STRIP = NO;
				DEBUG_INFORMATION_FORMAT = "dwarf-with-dsym";
				ENABLE_NS_ASSERTIONS = NO;
				ENABLE_STRICT_OBJC_MSGSEND = YES;
				GCC_C_LANGUAGE_STANDARD = gnu11;
				GCC_NO_COMMON_BLOCKS = YES;
				GCC_WARN_64_TO_32_BIT_CONVERSION = YES;
				GCC_WARN_ABOUT_RETURN_TYPE = YES_ERROR;
				GCC_WARN_UNDECLARED_SELECTOR = YES;
				GCC_WARN_UNINITIALIZED_AUTOS = YES_AGGRESSIVE;
				GCC_WARN_UNUSED_FUNCTION = YES;
				GCC_WARN_UNUSED_VARIABLE = YES;
				IPHONEOS_DEPLOYMENT_TARGET = 11.2;
				MTL_ENABLE_DEBUG_INFO = NO;
				SDKROOT = iphoneos;
				SWIFT_OPTIMIZATION_LEVEL = "-Owholemodule";
				VALIDATE_PRODUCT = YES;
			};
			name = Release;
		};
		5E4C7EA2216DEEE4001B7026 /* Debug */ = {
			isa = XCBuildConfiguration;
			baseConfigurationReference = ABAFDF99C25F53A06CD342F7 /* Pods-d07.debug.xcconfig */;
			buildSettings = {
				ASSETCATALOG_COMPILER_APPICON_NAME = AppIcon;
				CODE_SIGN_STYLE = Automatic;
				INFOPLIST_FILE = d07/Info.plist;
				LD_RUNPATH_SEARCH_PATHS = "$(inherited) @executable_path/Frameworks";
				PRODUCT_BUNDLE_IDENTIFIER = "-2.d07";
				PRODUCT_NAME = "$(TARGET_NAME)";
				SWIFT_VERSION = 4.0;
				TARGETED_DEVICE_FAMILY = "1,2";
			};
			name = Debug;
		};
		5E4C7EA3216DEEE4001B7026 /* Release */ = {
			isa = XCBuildConfiguration;
			baseConfigurationReference = E25FF16ABC6071797505420B /* Pods-d07.release.xcconfig */;
			buildSettings = {
				ASSETCATALOG_COMPILER_APPICON_NAME = AppIcon;
				CODE_SIGN_STYLE = Automatic;
				INFOPLIST_FILE = d07/Info.plist;
				LD_RUNPATH_SEARCH_PATHS = "$(inherited) @executable_path/Frameworks";
				PRODUCT_BUNDLE_IDENTIFIER = "-2.d07";
				PRODUCT_NAME = "$(TARGET_NAME)";
				SWIFT_VERSION = 4.0;
				TARGETED_DEVICE_FAMILY = "1,2";
			};
			name = Release;
		};
/* End XCBuildConfiguration section */

/* Begin XCConfigurationList section */
		5E4C7E8A216DEEE4001B7026 /* Build configuration list for PBXProject "d07" */ = {
			isa = XCConfigurationList;
			buildConfigurations = (
				5E4C7E9F216DEEE4001B7026 /* Debug */,
				5E4C7EA0216DEEE4001B7026 /* Release */,
			);
			defaultConfigurationIsVisible = 0;
			defaultConfigurationName = Release;
		};
		5E4C7EA1216DEEE4001B7026 /* Build configuration list for PBXNativeTarget "d07" */ = {
			isa = XCConfigurationList;
			buildConfigurations = (
				5E4C7EA2216DEEE4001B7026 /* Debug */,
				5E4C7EA3216DEEE4001B7026 /* Release */,
			);
			defaultConfigurationIsVisible = 0;
			defaultConfigurationName = Release;
		};
/* End XCConfigurationList section */
	};
	rootObject = 5E4C7E87216DEEE4001B7026 /* Project object */;
}
